// !$*UTF8*$!
{
	archiveVersion = 1;
	classes = {
	};
	objectVersion = 56;
	objects = {

/* Begin PBXBuildFile section */
		B9D86F4D2AD6959C000B6548 /* extension+UIView.swift in Sources */ = {isa = PBXBuildFile; fileRef = B9D86F4C2AD6959C000B6548 /* extension+UIView.swift */; };
		B9ED3A622AD52B6D009FF42E /* AppDelegate.swift in Sources */ = {isa = PBXBuildFile; fileRef = B9ED3A612AD52B6D009FF42E /* AppDelegate.swift */; };
		B9ED3A642AD52B6D009FF42E /* SceneDelegate.swift in Sources */ = {isa = PBXBuildFile; fileRef = B9ED3A632AD52B6D009FF42E /* SceneDelegate.swift */; };
		B9ED3A662AD52B6D009FF42E /* ViewController.swift in Sources */ = {isa = PBXBuildFile; fileRef = B9ED3A652AD52B6D009FF42E /* ViewController.swift */; };
		B9ED3A692AD52B6D009FF42E /* Main.storyboard in Resources */ = {isa = PBXBuildFile; fileRef = B9ED3A672AD52B6D009FF42E /* Main.storyboard */; };
		B9ED3A6B2AD52B6E009FF42E /* Assets.xcassets in Resources */ = {isa = PBXBuildFile; fileRef = B9ED3A6A2AD52B6E009FF42E /* Assets.xcassets */; };
		B9ED3A6E2AD52B6E009FF42E /* LaunchScreen.storyboard in Resources */ = {isa = PBXBuildFile; fileRef = B9ED3A6C2AD52B6E009FF42E /* LaunchScreen.storyboard */; };
		B9ED3A792AD52BB3009FF42E /* ApiUrl.swift in Sources */ = {isa = PBXBuildFile; fileRef = B9ED3A782AD52BB3009FF42E /* ApiUrl.swift */; };
		B9ED3A7B2AD52BBE009FF42E /* ApiHelper.swift in Sources */ = {isa = PBXBuildFile; fileRef = B9ED3A7A2AD52BBE009FF42E /* ApiHelper.swift */; };
		B9ED3A7D2AD52BC7009FF42E /* ApiModels.swift in Sources */ = {isa = PBXBuildFile; fileRef = B9ED3A7C2AD52BC7009FF42E /* ApiModels.swift */; };
		B9ED3A812AD53154009FF42E /* TableViewCell.swift in Sources */ = {isa = PBXBuildFile; fileRef = B9ED3A7F2AD53154009FF42E /* TableViewCell.swift */; };
		B9ED3A822AD53154009FF42E /* TableViewCell.xib in Resources */ = {isa = PBXBuildFile; fileRef = B9ED3A802AD53154009FF42E /* TableViewCell.xib */; };
		B9ED3A8B2AD56779009FF42E /* DetailsViewController.swift in Sources */ = {isa = PBXBuildFile; fileRef = B9ED3A8A2AD56779009FF42E /* DetailsViewController.swift */; };
/* End PBXBuildFile section */

/* Begin PBXFileReference section */
		B9D86F4C2AD6959C000B6548 /* extension+UIView.swift */ = {isa = PBXFileReference; lastKnownFileType = sourcecode.swift; path = "extension+UIView.swift"; sourceTree = "<group>"; };
		B9ED3A5E2AD52B6D009FF42E /* glycemic.app */ = {isa = PBXFileReference; explicitFileType = wrapper.application; includeInIndex = 0; path = glycemic.app; sourceTree = BUILT_PRODUCTS_DIR; };
		B9ED3A612AD52B6D009FF42E /* AppDelegate.swift */ = {isa = PBXFileReference; lastKnownFileType = sourcecode.swift; path = AppDelegate.swift; sourceTree = "<group>"; };
		B9ED3A632AD52B6D009FF42E /* SceneDelegate.swift */ = {isa = PBXFileReference; lastKnownFileType = sourcecode.swift; path = SceneDelegate.swift; sourceTree = "<group>"; };
		B9ED3A652AD52B6D009FF42E /* ViewController.swift */ = {isa = PBXFileReference; lastKnownFileType = sourcecode.swift; path = ViewController.swift; sourceTree = "<group>"; };
		B9ED3A682AD52B6D009FF42E /* Base */ = {isa = PBXFileReference; lastKnownFileType = file.storyboard; name = Base; path = Base.lproj/Main.storyboard; sourceTree = "<group>"; };
		B9ED3A6A2AD52B6E009FF42E /* Assets.xcassets */ = {isa = PBXFileReference; lastKnownFileType = folder.assetcatalog; path = Assets.xcassets; sourceTree = "<group>"; };
		B9ED3A6D2AD52B6E009FF42E /* Base */ = {isa = PBXFileReference; lastKnownFileType = file.storyboard; name = Base; path = Base.lproj/LaunchScreen.storyboard; sourceTree = "<group>"; };
		B9ED3A6F2AD52B6E009FF42E /* Info.plist */ = {isa = PBXFileReference; lastKnownFileType = text.plist.xml; path = Info.plist; sourceTree = "<group>"; };
		B9ED3A782AD52BB3009FF42E /* ApiUrl.swift */ = {isa = PBXFileReference; lastKnownFileType = sourcecode.swift; path = ApiUrl.swift; sourceTree = "<group>"; };
		B9ED3A7A2AD52BBE009FF42E /* ApiHelper.swift */ = {isa = PBXFileReference; lastKnownFileType = sourcecode.swift; path = ApiHelper.swift; sourceTree = "<group>"; };
		B9ED3A7C2AD52BC7009FF42E /* ApiModels.swift */ = {isa = PBXFileReference; lastKnownFileType = sourcecode.swift; path = ApiModels.swift; sourceTree = "<group>"; };
		B9ED3A7F2AD53154009FF42E /* TableViewCell.swift */ = {isa = PBXFileReference; lastKnownFileType = sourcecode.swift; path = TableViewCell.swift; sourceTree = "<group>"; };
		B9ED3A802AD53154009FF42E /* TableViewCell.xib */ = {isa = PBXFileReference; lastKnownFileType = file.xib; path = TableViewCell.xib; sourceTree = "<group>"; };
		B9ED3A8A2AD56779009FF42E /* DetailsViewController.swift */ = {isa = PBXFileReference; lastKnownFileType = sourcecode.swift; path = DetailsViewController.swift; sourceTree = "<group>"; };
/* End PBXFileReference section */

/* Begin PBXFrameworksBuildPhase section */
		B9ED3A5B2AD52B6D009FF42E /* Frameworks */ = {
			isa = PBXFrameworksBuildPhase;
			buildActionMask = 2147483647;
			files = (
			);
			runOnlyForDeploymentPostprocessing = 0;
		};
/* End PBXFrameworksBuildPhase section */

/* Begin PBXGroup section */
		B9ED3A552AD52B6D009FF42E = {
			isa = PBXGroup;
			children = (
				B9ED3A602AD52B6D009FF42E /* glycemic */,
				B9ED3A5F2AD52B6D009FF42E /* Products */,
			);
			sourceTree = "<group>";
		};
		B9ED3A5F2AD52B6D009FF42E /* Products */ = {
			isa = PBXGroup;
			children = (
				B9ED3A5E2AD52B6D009FF42E /* glycemic.app */,
			);
			name = Products;
			sourceTree = "<group>";
		};
		B9ED3A602AD52B6D009FF42E /* glycemic */ = {
			isa = PBXGroup;
			children = (
				B9ED3A612AD52B6D009FF42E /* AppDelegate.swift */,
				B9ED3A632AD52B6D009FF42E /* SceneDelegate.swift */,
				B9ED3A752AD52B74009FF42E /* Models */,
				B9ED3A772AD52B80009FF42E /* Controllers */,
				B9ED3A762AD52B79009FF42E /* Views */,
				B9ED3A6C2AD52B6E009FF42E /* LaunchScreen.storyboard */,
				B9ED3A6F2AD52B6E009FF42E /* Info.plist */,
			);
			path = glycemic;
			sourceTree = "<group>";
		};
		B9ED3A752AD52B74009FF42E /* Models */ = {
			isa = PBXGroup;
			children = (
				B9ED3A782AD52BB3009FF42E /* ApiUrl.swift */,
				B9ED3A7A2AD52BBE009FF42E /* ApiHelper.swift */,
				B9ED3A7C2AD52BC7009FF42E /* ApiModels.swift */,
			);
			path = Models;
			sourceTree = "<group>";
		};
		B9ED3A762AD52B79009FF42E /* Views */ = {
			isa = PBXGroup;
			children = (
				B9ED3A672AD52B6D009FF42E /* Main.storyboard */,
				B9ED3A6A2AD52B6E009FF42E /* Assets.xcassets */,
			);
			path = Views;
			sourceTree = "<group>";
		};
		B9ED3A772AD52B80009FF42E /* Controllers */ = {
			isa = PBXGroup;
			children = (
				B9ED3A7E2AD53132009FF42E /* TableViewController */,
				B9ED3A652AD52B6D009FF42E /* ViewController.swift */,
				B9ED3A8A2AD56779009FF42E /* DetailsViewController.swift */,
				B9D86F4C2AD6959C000B6548 /* extension+UIView.swift */,
			);
			path = Controllers;
			sourceTree = "<group>";
		};
		B9ED3A7E2AD53132009FF42E /* TableViewController */ = {
			isa = PBXGroup;
			children = (
				B9ED3A7F2AD53154009FF42E /* TableViewCell.swift */,
				B9ED3A802AD53154009FF42E /* TableViewCell.xib */,
			);
			path = TableViewController;
			sourceTree = "<group>";
		};
/* End PBXGroup section */

/* Begin PBXNativeTarget section */
		B9ED3A5D2AD52B6D009FF42E /* glycemic */ = {
			isa = PBXNativeTarget;
			buildConfigurationList = B9ED3A722AD52B6E009FF42E /* Build configuration list for PBXNativeTarget "glycemic" */;
			buildPhases = (
				B9ED3A5A2AD52B6D009FF42E /* Sources */,
				B9ED3A5B2AD52B6D009FF42E /* Frameworks */,
				B9ED3A5C2AD52B6D009FF42E /* Resources */,
			);
			buildRules = (
			);
			dependencies = (
			);
			name = glycemic;
			productName = glycemic;
			productReference = B9ED3A5E2AD52B6D009FF42E /* glycemic.app */;
			productType = "com.apple.product-type.application";
		};
/* End PBXNativeTarget section */

/* Begin PBXProject section */
		B9ED3A562AD52B6D009FF42E /* Project object */ = {
			isa = PBXProject;
			attributes = {
				BuildIndependentTargetsInParallel = 1;
				LastSwiftUpdateCheck = 1420;
				LastUpgradeCheck = 1420;
				TargetAttributes = {
					B9ED3A5D2AD52B6D009FF42E = {
						CreatedOnToolsVersion = 14.2;
					};
				};
			};
			buildConfigurationList = B9ED3A592AD52B6D009FF42E /* Build configuration list for PBXProject "glycemic" */;
			compatibilityVersion = "Xcode 14.0";
			developmentRegion = en;
			hasScannedForEncodings = 0;
			knownRegions = (
				en,
				Base,
			);
			mainGroup = B9ED3A552AD52B6D009FF42E;
			productRefGroup = B9ED3A5F2AD52B6D009FF42E /* Products */;
			projectDirPath = "";
			projectRoot = "";
			targets = (
				B9ED3A5D2AD52B6D009FF42E /* glycemic */,
			);
		};
/* End PBXProject section */

/* Begin PBXResourcesBuildPhase section */
		B9ED3A5C2AD52B6D009FF42E /* Resources */ = {
			isa = PBXResourcesBuildPhase;
			buildActionMask = 2147483647;
			files = (
				B9ED3A6E2AD52B6E009FF42E /* LaunchScreen.storyboard in Resources */,
				B9ED3A822AD53154009FF42E /* TableViewCell.xib in Resources */,
				B9ED3A6B2AD52B6E009FF42E /* Assets.xcassets in Resources */,
				B9ED3A692AD52B6D009FF42E /* Main.storyboard in Resources */,
			);
			runOnlyForDeploymentPostprocessing = 0;
		};
/* End PBXResourcesBuildPhase section */

/* Begin PBXSourcesBuildPhase section */
		B9ED3A5A2AD52B6D009FF42E /* Sources */ = {
			isa = PBXSourcesBuildPhase;
			buildActionMask = 2147483647;
			files = (
				B9ED3A7D2AD52BC7009FF42E /* ApiModels.swift in Sources */,
				B9ED3A792AD52BB3009FF42E /* ApiUrl.swift in Sources */,
				B9ED3A8B2AD56779009FF42E /* DetailsViewController.swift in Sources */,
				B9D86F4D2AD6959C000B6548 /* extension+UIView.swift in Sources */,
				B9ED3A662AD52B6D009FF42E /* ViewController.swift in Sources */,
				B9ED3A622AD52B6D009FF42E /* AppDelegate.swift in Sources */,
				B9ED3A642AD52B6D009FF42E /* SceneDelegate.swift in Sources */,
				B9ED3A812AD53154009FF42E /* TableViewCell.swift in Sources */,
				B9ED3A7B2AD52BBE009FF42E /* ApiHelper.swift in Sources */,
			);
			runOnlyForDeploymentPostprocessing = 0;
		};
/* End PBXSourcesBuildPhase section */

/* Begin PBXVariantGroup section */
		B9ED3A672AD52B6D009FF42E /* Main.storyboard */ = {
			isa = PBXVariantGroup;
			children = (
				B9ED3A682AD52B6D009FF42E /* Base */,
			);
			name = Main.storyboard;
			sourceTree = "<group>";
		};
		B9ED3A6C2AD52B6E009FF42E /* LaunchScreen.storyboard */ = {
			isa = PBXVariantGroup;
			children = (
				B9ED3A6D2AD52B6E009FF42E /* Base */,
			);
			name = LaunchScreen.storyboard;
			sourceTree = "<group>";
		};
/* End PBXVariantGroup section */

/* Begin XCBuildConfiguration section */
		B9ED3A702AD52B6E009FF42E /* Debug */ = {
			isa = XCBuildConfiguration;
			buildSettings = {
				ALWAYS_SEARCH_USER_PATHS = NO;
				CLANG_ANALYZER_NONNULL = YES;
				CLANG_ANALYZER_NUMBER_OBJECT_CONVERSION = YES_AGGRESSIVE;
				CLANG_CXX_LANGUAGE_STANDARD = "gnu++20";
				CLANG_ENABLE_MODULES = YES;
				CLANG_ENABLE_OBJC_ARC = YES;
				CLANG_ENABLE_OBJC_WEAK = YES;
				CLANG_WARN_BLOCK_CAPTURE_AUTORELEASING = YES;
				CLANG_WARN_BOOL_CONVERSION = YES;
				CLANG_WARN_COMMA = YES;
				CLANG_WARN_CONSTANT_CONVERSION = YES;
				CLANG_WARN_DEPRECATED_OBJC_IMPLEMENTATIONS = YES;
				CLANG_WARN_DIRECT_OBJC_ISA_USAGE = YES_ERROR;
				CLANG_WARN_DOCUMENTATION_COMMENTS = YES;
				CLANG_WARN_EMPTY_BODY = YES;
				CLANG_WARN_ENUM_CONVERSION = YES;
				CLANG_WARN_INFINITE_RECURSION = YES;
				CLANG_WARN_INT_CONVERSION = YES;
				CLANG_WARN_NON_LITERAL_NULL_CONVERSION = YES;
				CLANG_WARN_OBJC_IMPLICIT_RETAIN_SELF = YES;
				CLANG_WARN_OBJC_LITERAL_CONVERSION = YES;
				CLANG_WARN_OBJC_ROOT_CLASS = YES_ERROR;
				CLANG_WARN_QUOTED_INCLUDE_IN_FRAMEWORK_HEADER = YES;
				CLANG_WARN_RANGE_LOOP_ANALYSIS = YES;
				CLANG_WARN_STRICT_PROTOTYPES = YES;
				CLANG_WARN_SUSPICIOUS_MOVE = YES;
				CLANG_WARN_UNGUARDED_AVAILABILITY = YES_AGGRESSIVE;
				CLANG_WARN_UNREACHABLE_CODE = YES;
				CLANG_WARN__DUPLICATE_METHOD_MATCH = YES;
				COPY_PHASE_STRIP = NO;
				DEBUG_INFORMATION_FORMAT = dwarf;
				ENABLE_STRICT_OBJC_MSGSEND = YES;
				ENABLE_TESTABILITY = YES;
				GCC_C_LANGUAGE_STANDARD = gnu11;
				GCC_DYNAMIC_NO_PIC = NO;
				GCC_NO_COMMON_BLOCKS = YES;
				GCC_OPTIMIZATION_LEVEL = 0;
				GCC_PREPROCESSOR_DEFINITIONS = (
					"DEBUG=1",
					"$(inherited)",
				);
				GCC_WARN_64_TO_32_BIT_CONVERSION = YES;
				GCC_WARN_ABOUT_RETURN_TYPE = YES_ERROR;
				GCC_WARN_UNDECLARED_SELECTOR = YES;
				GCC_WARN_UNINITIALIZED_AUTOS = YES_AGGRESSIVE;
				GCC_WARN_UNUSED_FUNCTION = YES;
				GCC_WARN_UNUSED_VARIABLE = YES;
				IPHONEOS_DEPLOYMENT_TARGET = 16.2;
				MTL_ENABLE_DEBUG_INFO = INCLUDE_SOURCE;
				MTL_FAST_MATH = YES;
				ONLY_ACTIVE_ARCH = YES;
				SDKROOT = iphoneos;
				SWIFT_ACTIVE_COMPILATION_CONDITIONS = DEBUG;
				SWIFT_OPTIMIZATION_LEVEL = "-Onone";
			};
			name = Debug;
		};
		B9ED3A712AD52B6E009FF42E /* Release */ = {
			isa = XCBuildConfiguration;
			buildSettings = {
				ALWAYS_SEARCH_USER_PATHS = NO;
				CLANG_ANALYZER_NONNULL = YES;
				CLANG_ANALYZER_NUMBER_OBJECT_CONVERSION = YES_AGGRESSIVE;
				CLANG_CXX_LANGUAGE_STANDARD = "gnu++20";
				CLANG_ENABLE_MODULES = YES;
				CLANG_ENABLE_OBJC_ARC = YES;
				CLANG_ENABLE_OBJC_WEAK = YES;
				CLANG_WARN_BLOCK_CAPTURE_AUTORELEASING = YES;
				CLANG_WARN_BOOL_CONVERSION = YES;
				CLANG_WARN_COMMA = YES;
				CLANG_WARN_CONSTANT_CONVERSION = YES;
				CLANG_WARN_DEPRECATED_OBJC_IMPLEMENTATIONS = YES;
				CLANG_WARN_DIRECT_OBJC_ISA_USAGE = YES_ERROR;
				CLANG_WARN_DOCUMENTATION_COMMENTS = YES;
				CLANG_WARN_EMPTY_BODY = YES;
				CLANG_WARN_ENUM_CONVERSION = YES;
				CLANG_WARN_INFINITE_RECURSION = YES;
				CLANG_WARN_INT_CONVERSION = YES;
				CLANG_WARN_NON_LITERAL_NULL_CONVERSION = YES;
				CLANG_WARN_OBJC_IMPLICIT_RETAIN_SELF = YES;
				CLANG_WARN_OBJC_LITERAL_CONVERSION = YES;
				CLANG_WARN_OBJC_ROOT_CLASS = YES_ERROR;
				CLANG_WARN_QUOTED_INCLUDE_IN_FRAMEWORK_HEADER = YES;
				CLANG_WARN_RANGE_LOOP_ANALYSIS = YES;
				CLANG_WARN_STRICT_PROTOTYPES = YES;
				CLANG_WARN_SUSPICIOUS_MOVE = YES;
				CLANG_WARN_UNGUARDED_AVAILABILITY = YES_AGGRESSIVE;
				CLANG_WARN_UNREACHABLE_CODE = YES;
				CLANG_WARN__DUPLICATE_METHOD_MATCH = YES;
				COPY_PHASE_STRIP = NO;
				DEBUG_INFORMATION_FORMAT = "dwarf-with-dsym";
				ENABLE_NS_ASSERTIONS = NO;
				ENABLE_STRICT_OBJC_MSGSEND = YES;
				GCC_C_LANGUAGE_STANDARD = gnu11;
				GCC_NO_COMMON_BLOCKS = YES;
				GCC_WARN_64_TO_32_BIT_CONVERSION = YES;
				GCC_WARN_ABOUT_RETURN_TYPE = YES_ERROR;
				GCC_WARN_UNDECLARED_SELECTOR = YES;
				GCC_WARN_UNINITIALIZED_AUTOS = YES_AGGRESSIVE;
				GCC_WARN_UNUSED_FUNCTION = YES;
				GCC_WARN_UNUSED_VARIABLE = YES;
				IPHONEOS_DEPLOYMENT_TARGET = 16.2;
				MTL_ENABLE_DEBUG_INFO = NO;
				MTL_FAST_MATH = YES;
				SDKROOT = iphoneos;
				SWIFT_COMPILATION_MODE = wholemodule;
				SWIFT_OPTIMIZATION_LEVEL = "-O";
				VALIDATE_PRODUCT = YES;
			};
			name = Release;
		};
		B9ED3A732AD52B6E009FF42E /* Debug */ = {
			isa = XCBuildConfiguration;
			buildSettings = {
				ASSETCATALOG_COMPILER_APPICON_NAME = AppIcon;
				ASSETCATALOG_COMPILER_GLOBAL_ACCENT_COLOR_NAME = AccentColor;
				CODE_SIGN_STYLE = Automatic;
				CURRENT_PROJECT_VERSION = 1;
				GENERATE_INFOPLIST_FILE = YES;
				INFOPLIST_FILE = glycemic/Info.plist;
				INFOPLIST_KEY_UILaunchStoryboardName = LaunchScreen;
				INFOPLIST_KEY_UIMainStoryboardFile = Main;
				INFOPLIST_KEY_UISupportedInterfaceOrientations_iPad = "UIInterfaceOrientationPortrait UIInterfaceOrientationPortraitUpsideDown UIInterfaceOrientationLandscapeLeft UIInterfaceOrientationLandscapeRight";
				LD_RUNPATH_SEARCH_PATHS = (
					"$(inherited)",
					"@executable_path/Frameworks",
				);
				MARKETING_VERSION = 1.0;
				PRODUCT_BUNDLE_IDENTIFIER = sid.glycemic;
				PRODUCT_NAME = "$(TARGET_NAME)";
				SWIFT_EMIT_LOC_STRINGS = YES;
				SWIFT_VERSION = 5.0;
				TARGETED_DEVICE_FAMILY = "1,2";
			};
			name = Debug;
		};
		B9ED3A742AD52B6E009FF42E /* Release */ = {
			isa = XCBuildConfiguration;
			buildSettings = {
				ASSETCATALOG_COMPILER_APPICON_NAME = AppIcon;
				ASSETCATALOG_COMPILER_GLOBAL_ACCENT_COLOR_NAME = AccentColor;
				CODE_SIGN_STYLE = Automatic;
				CURRENT_PROJECT_VERSION = 1;
				GENERATE_INFOPLIST_FILE = YES;
				INFOPLIST_FILE = glycemic/Info.plist;
				INFOPLIST_KEY_UILaunchStoryboardName = LaunchScreen;
				INFOPLIST_KEY_UIMainStoryboardFile = Main;
				INFOPLIST_KEY_UISupportedInterfaceOrientations_iPad = "UIInterfaceOrientationPortrait UIInterfaceOrientationPortraitUpsideDown UIInterfaceOrientationLandscapeLeft UIInterfaceOrientationLandscapeRight";
				LD_RUNPATH_SEARCH_PATHS = (
					"$(inherited)",
					"@executable_path/Frameworks",
				);
				MARKETING_VERSION = 1.0;
				PRODUCT_BUNDLE_IDENTIFIER = sid.glycemic;
				PRODUCT_NAME = "$(TARGET_NAME)";
				SWIFT_EMIT_LOC_STRINGS = YES;
				SWIFT_VERSION = 5.0;
				TARGETED_DEVICE_FAMILY = "1,2";
			};
			name = Release;
		};
/* End XCBuildConfiguration section */

/* Begin XCConfigurationList section */
		B9ED3A592AD52B6D009FF42E /* Build configuration list for PBXProject "glycemic" */ = {
			isa = XCConfigurationList;
			buildConfigurations = (
				B9ED3A702AD52B6E009FF42E /* Debug */,
				B9ED3A712AD52B6E009FF42E /* Release */,
			);
			defaultConfigurationIsVisible = 0;
			defaultConfigurationName = Release;
		};
		B9ED3A722AD52B6E009FF42E /* Build configuration list for PBXNativeTarget "glycemic" */ = {
			isa = XCConfigurationList;
			buildConfigurations = (
				B9ED3A732AD52B6E009FF42E /* Debug */,
				B9ED3A742AD52B6E009FF42E /* Release */,
			);
			defaultConfigurationIsVisible = 0;
			defaultConfigurationName = Release;
		};
/* End XCConfigurationList section */
	};
	rootObject = B9ED3A562AD52B6D009FF42E /* Project object */;
}
